
Microsoft Visual Studio Solution File, Format Version 12.00
# Visual Studio Version 16
VisualStudioVersion = 16.0.31025.194
MinimumVisualStudioVersion = 10.0.40219.1
Project("{FAE04EC0-301F-11D3-BF4B-00C04F79EFBC}") = "UnitTest", "LibaryProject\UnitTest.csproj", "{9E9F6853-594A-4CE2-909B-8E37894B3BFA}"
EndProject
Project("{FAE04EC0-301F-11D3-BF4B-00C04F79EFBC}") = "DAL", "DAL\DAL.csproj", "{1DCE54B1-659D-4198-95BB-66B3E393BBD0}"
EndProject
Project("{FAE04EC0-301F-11D3-BF4B-00C04F79EFBC}") = "BLL", "BLL\BLL.csproj", "{54338611-AB3C-4184-A371-CB0A35FA61EF}"
EndProject
Project("{FAE04EC0-301F-11D3-BF4B-00C04F79EFBC}") = "CommonFiles", "CommonFiles\CommonFiles.csproj", "{717EAA5E-74B0-4A77-9D1C-F541259C1227}"
EndProject
Project("{FAE04EC0-301F-11D3-BF4B-00C04F79EFBC}") = "VisualRep", "VisualRep\VisualRep.csproj", "{9AFB51D9-EC3B-4DD0-BB91-6890F8D81E94}"
EndProject
Global
	GlobalSection(SolutionConfigurationPlatforms) = preSolution
		Debug|Any CPU = Debug|Any CPU
		Debug|ARM = Debug|ARM
		Debug|ARM64 = Debug|ARM64
		Debug|x64 = Debug|x64
		Debug|x86 = Debug|x86
		Release|Any CPU = Release|Any CPU
		Release|ARM = Release|ARM
		Release|ARM64 = Release|ARM64
		Release|x64 = Release|x64
		Release|x86 = Release|x86
	EndGlobalSection
	GlobalSection(ProjectConfigurationPlatforms) = postSolution
		{9E9F6853-594A-4CE2-909B-8E37894B3BFA}.Debug|Any CPU.ActiveCfg = Debug|x86
		{9E9F6853-594A-4CE2-909B-8E37894B3BFA}.Debug|ARM.ActiveCfg = Debug|ARM
		{9E9F6853-594A-4CE2-909B-8E37894B3BFA}.Debug|ARM.Build.0 = Debug|ARM
		{9E9F6853-594A-4CE2-909B-8E37894B3BFA}.Debug|ARM.Deploy.0 = Debug|ARM
		{9E9F6853-594A-4CE2-909B-8E37894B3BFA}.Debug|ARM64.ActiveCfg = Debug|ARM64
		{9E9F6853-594A-4CE2-909B-8E37894B3BFA}.Debug|ARM64.Build.0 = Debug|ARM64
		{9E9F6853-594A-4CE2-909B-8E37894B3BFA}.Debug|ARM64.Deploy.0 = Debug|ARM64
		{9E9F6853-594A-4CE2-909B-8E37894B3BFA}.Debug|x64.ActiveCfg = Debug|x64
		{9E9F6853-594A-4CE2-909B-8E37894B3BFA}.Debug|x64.Build.0 = Debug|x64
		{9E9F6853-594A-4CE2-909B-8E37894B3BFA}.Debug|x64.Deploy.0 = Debug|x64
		{9E9F6853-594A-4CE2-909B-8E37894B3BFA}.Debug|x86.ActiveCfg = Debug|x86
		{9E9F6853-594A-4CE2-909B-8E37894B3BFA}.Debug|x86.Build.0 = Debug|x86
		{9E9F6853-594A-4CE2-909B-8E37894B3BFA}.Debug|x86.Deploy.0 = Debug|x86
		{9E9F6853-594A-4CE2-909B-8E37894B3BFA}.Release|Any CPU.ActiveCfg = Release|x86
		{9E9F6853-594A-4CE2-909B-8E37894B3BFA}.Release|ARM.ActiveCfg = Release|ARM
		{9E9F6853-594A-4CE2-909B-8E37894B3BFA}.Release|ARM.Build.0 = Release|ARM
		{9E9F6853-594A-4CE2-909B-8E37894B3BFA}.Release|ARM.Deploy.0 = Release|ARM
		{9E9F6853-594A-4CE2-909B-8E37894B3BFA}.Release|ARM64.ActiveCfg = Release|ARM64
		{9E9F6853-594A-4CE2-909B-8E37894B3BFA}.Release|ARM64.Build.0 = Release|ARM64
		{9E9F6853-594A-4CE2-909B-8E37894B3BFA}.Release|ARM64.Deploy.0 = Release|ARM64
		{9E9F6853-594A-4CE2-909B-8E37894B3BFA}.Release|x64.ActiveCfg = Release|x64
		{9E9F6853-594A-4CE2-909B-8E37894B3BFA}.Release|x64.Build.0 = Release|x64
		{9E9F6853-594A-4CE2-909B-8E37894B3BFA}.Release|x64.Deploy.0 = Release|x64
		{9E9F6853-594A-4CE2-909B-8E37894B3BFA}.Release|x86.ActiveCfg = Release|x86
		{9E9F6853-594A-4CE2-909B-8E37894B3BFA}.Release|x86.Build.0 = Release|x86
		{9E9F6853-594A-4CE2-909B-8E37894B3BFA}.Release|x86.Deploy.0 = Release|x86
		{1DCE54B1-659D-4198-95BB-66B3E393BBD0}.Debug|Any CPU.ActiveCfg = Debug|Any CPU
		{1DCE54B1-659D-4198-95BB-66B3E393BBD0}.Debug|Any CPU.Build.0 = Debug|Any CPU
		{1DCE54B1-659D-4198-95BB-66B3E393BBD0}.Debug|ARM.ActiveCfg = Debug|ARM
		{1DCE54B1-659D-4198-95BB-66B3E393BBD0}.Debug|ARM.Build.0 = Debug|ARM
		{1DCE54B1-659D-4198-95BB-66B3E393BBD0}.Debug|ARM64.ActiveCfg = Debug|ARM64
		{1DCE54B1-659D-4198-95BB-66B3E393BBD0}.Debug|ARM64.Build.0 = Debug|ARM64
		{1DCE54B1-659D-4198-95BB-66B3E393BBD0}.Debug|x64.ActiveCfg = Debug|x64
		{1DCE54B1-659D-4198-95BB-66B3E393BBD0}.Debug|x64.Build.0 = Debug|x64
		{1DCE54B1-659D-4198-95BB-66B3E393BBD0}.Debug|x86.ActiveCfg = Debug|x86
		{1DCE54B1-659D-4198-95BB-66B3E393BBD0}.Debug|x86.Build.0 = Debug|x86
		{1DCE54B1-659D-4198-95BB-66B3E393BBD0}.Release|Any CPU.ActiveCfg = Release|Any CPU
		{1DCE54B1-659D-4198-95BB-66B3E393BBD0}.Release|Any CPU.Build.0 = Release|Any CPU
		{1DCE54B1-659D-4198-95BB-66B3E393BBD0}.Release|ARM.ActiveCfg = Release|ARM
		{1DCE54B1-659D-4198-95BB-66B3E393BBD0}.Release|ARM.Build.0 = Release|ARM
		{1DCE54B1-659D-4198-95BB-66B3E393BBD0}.Release|ARM64.ActiveCfg = Release|ARM64
		{1DCE54B1-659D-4198-95BB-66B3E393BBD0}.Release|ARM64.Build.0 = Release|ARM64
		{1DCE54B1-659D-4198-95BB-66B3E393BBD0}.Release|x64.ActiveCfg = Release|x64
		{1DCE54B1-659D-4198-95BB-66B3E393BBD0}.Release|x64.Build.0 = Release|x64
		{1DCE54B1-659D-4198-95BB-66B3E393BBD0}.Release|x86.ActiveCfg = Release|x86
		{1DCE54B1-659D-4198-95BB-66B3E393BBD0}.Release|x86.Build.0 = Release|x86
		{54338611-AB3C-4184-A371-CB0A35FA61EF}.Debug|Any CPU.ActiveCfg = Debug|Any CPU
		{54338611-AB3C-4184-A371-CB0A35FA61EF}.Debug|Any CPU.Build.0 = Debug|Any CPU
		{54338611-AB3C-4184-A371-CB0A35FA61EF}.Debug|ARM.ActiveCfg = Debug|ARM
		{54338611-AB3C-4184-A371-CB0A35FA61EF}.Debug|ARM.Build.0 = Debug|ARM
		{54338611-AB3C-4184-A371-CB0A35FA61EF}.Debug|ARM64.ActiveCfg = Debug|ARM64
		{54338611-AB3C-4184-A371-CB0A35FA61EF}.Debug|ARM64.Build.0 = Debug|ARM64
		{54338611-AB3C-4184-A371-CB0A35FA61EF}.Debug|x64.ActiveCfg = Debug|x64
		{54338611-AB3C-4184-A371-CB0A35FA61EF}.Debug|x64.Build.0 = Debug|x64
		{54338611-AB3C-4184-A371-CB0A35FA61EF}.Debug|x86.ActiveCfg = Debug|x86
		{54338611-AB3C-4184-A371-CB0A35FA61EF}.Debug|x86.Build.0 = Debug|x86
		{54338611-AB3C-4184-A371-CB0A35FA61EF}.Release|Any CPU.ActiveCfg = Release|Any CPU
		{54338611-AB3C-4184-A371-CB0A35FA61EF}.Release|Any CPU.Build.0 = Release|Any CPU
		{54338611-AB3C-4184-A371-CB0A35FA61EF}.Release|ARM.ActiveCfg = Release|ARM
		{54338611-AB3C-4184-A371-CB0A35FA61EF}.Release|ARM.Build.0 = Release|ARM
		{54338611-AB3C-4184-A371-CB0A35FA61EF}.Release|ARM64.ActiveCfg = Release|ARM64
		{54338611-AB3C-4184-A371-CB0A35FA61EF}.Release|ARM64.Build.0 = Release|ARM64
		{54338611-AB3C-4184-A371-CB0A35FA61EF}.Release|x64.ActiveCfg = Release|x64
		{54338611-AB3C-4184-A371-CB0A35FA61EF}.Release|x64.Build.0 = Release|x64
		{54338611-AB3C-4184-A371-CB0A35FA61EF}.Release|x86.ActiveCfg = Release|x86
		{54338611-AB3C-4184-A371-CB0A35FA61EF}.Release|x86.Build.0 = Release|x86
		{717EAA5E-74B0-4A77-9D1C-F541259C1227}.Debug|Any CPU.ActiveCfg = Debug|Any CPU
		{717EAA5E-74B0-4A77-9D1C-F541259C1227}.Debug|Any CPU.Build.0 = Debug|Any CPU
		{717EAA5E-74B0-4A77-9D1C-F541259C1227}.Debug|ARM.ActiveCfg = Debug|ARM
		{717EAA5E-74B0-4A77-9D1C-F541259C1227}.Debug|ARM.Build.0 = Debug|ARM
		{717EAA5E-74B0-4A77-9D1C-F541259C1227}.Debug|ARM64.ActiveCfg = Debug|ARM64
		{717EAA5E-74B0-4A77-9D1C-F541259C1227}.Debug|ARM64.Build.0 = Debug|ARM64
		{717EAA5E-74B0-4A77-9D1C-F541259C1227}.Debug|x64.ActiveCfg = Debug|x64
		{717EAA5E-74B0-4A77-9D1C-F541259C1227}.Debug|x64.Build.0 = Debug|x64
		{717EAA5E-74B0-4A77-9D1C-F541259C1227}.Debug|x86.ActiveCfg = Debug|x86
		{717EAA5E-74B0-4A77-9D1C-F541259C1227}.Debug|x86.Build.0 = Debug|x86
		{717EAA5E-74B0-4A77-9D1C-F541259C1227}.Release|Any CPU.ActiveCfg = Release|Any CPU
		{717EAA5E-74B0-4A77-9D1C-F541259C1227}.Release|Any CPU.Build.0 = Release|Any CPU
		{717EAA5E-74B0-4A77-9D1C-F541259C1227}.Release|ARM.ActiveCfg = Release|ARM
		{717EAA5E-74B0-4A77-9D1C-F541259C1227}.Release|ARM.Build.0 = Release|ARM
		{717EAA5E-74B0-4A77-9D1C-F541259C1227}.Release|ARM64.ActiveCfg = Release|ARM64
		{717EAA5E-74B0-4A77-9D1C-F541259C1227}.Release|ARM64.Build.0 = Release|ARM64
		{717EAA5E-74B0-4A77-9D1C-F541259C1227}.Release|x64.ActiveCfg = Release|x64
		{717EAA5E-74B0-4A77-9D1C-F541259C1227}.Release|x64.Build.0 = Release|x64
		{717EAA5E-74B0-4A77-9D1C-F541259C1227}.Release|x86.ActiveCfg = Release|x86
		{717EAA5E-74B0-4A77-9D1C-F541259C1227}.Release|x86.Build.0 = Release|x86
		{9AFB51D9-EC3B-4DD0-BB91-6890F8D81E94}.Debug|Any CPU.ActiveCfg = Debug|x86
		{9AFB51D9-EC3B-4DD0-BB91-6890F8D81E94}.Debug|ARM.ActiveCfg = Debug|ARM
		{9AFB51D9-EC3B-4DD0-BB91-6890F8D81E94}.Debug|ARM.Build.0 = Debug|ARM
		{9AFB51D9-EC3B-4DD0-BB91-6890F8D81E94}.Debug|ARM.Deploy.0 = Debug|ARM
		{9AFB51D9-EC3B-4DD0-BB91-6890F8D81E94}.Debug|ARM64.ActiveCfg = Debug|ARM64
		{9AFB51D9-EC3B-4DD0-BB91-6890F8D81E94}.Debug|ARM64.Build.0 = Debug|ARM64
		{9AFB51D9-EC3B-4DD0-BB91-6890F8D81E94}.Debug|ARM64.Deploy.0 = Debug|ARM64
		{9AFB51D9-EC3B-4DD0-BB91-6890F8D81E94}.Debug|x64.ActiveCfg = Debug|x64
		{9AFB51D9-EC3B-4DD0-BB91-6890F8D81E94}.Debug|x64.Build.0 = Debug|x64
		{9AFB51D9-EC3B-4DD0-BB91-6890F8D81E94}.Debug|x64.Deploy.0 = Debug|x64
		{9AFB51D9-EC3B-4DD0-BB91-6890F8D81E94}.Debug|x86.ActiveCfg = Debug|x86
		{9AFB51D9-EC3B-4DD0-BB91-6890F8D81E94}.Debug|x86.Build.0 = Debug|x86
		{9AFB51D9-EC3B-4DD0-BB91-6890F8D81E94}.Debug|x86.Deploy.0 = Debug|x86
		{9AFB51D9-EC3B-4DD0-BB91-6890F8D81E94}.Release|Any CPU.ActiveCfg = Release|x86
		{9AFB51D9-EC3B-4DD0-BB91-6890F8D81E94}.Release|ARM.ActiveCfg = Release|ARM
		{9AFB51D9-EC3B-4DD0-BB91-6890F8D81E94}.Release|ARM.Build.0 = Release|ARM
		{9AFB51D9-EC3B-4DD0-BB91-6890F8D81E94}.Release|ARM.Deploy.0 = Release|ARM
		{9AFB51D9-EC3B-4DD0-BB91-6890F8D81E94}.Release|ARM64.ActiveCfg = Release|ARM64
		{9AFB51D9-EC3B-4DD0-BB91-6890F8D81E94}.Release|ARM64.Build.0 = Release|ARM64
		{9AFB51D9-EC3B-4DD0-BB91-6890F8D81E94}.Release|ARM64.Deploy.0 = Release|ARM64
		{9AFB51D9-EC3B-4DD0-BB91-6890F8D81E94}.Release|x64.ActiveCfg = Release|x64
		{9AFB51D9-EC3B-4DD0-BB91-6890F8D81E94}.Release|x64.Build.0 = Release|x64
		{9AFB51D9-EC3B-4DD0-BB91-6890F8D81E94}.Release|x64.Deploy.0 = Release|x64
		{9AFB51D9-EC3B-4DD0-BB91-6890F8D81E94}.Release|x86.ActiveCfg = Release|x86
		{9AFB51D9-EC3B-4DD0-BB91-6890F8D81E94}.Release|x86.Build.0 = Release|x86
		{9AFB51D9-EC3B-4DD0-BB91-6890F8D81E94}.Release|x86.Deploy.0 = Release|x86
	EndGlobalSection
	GlobalSection(SolutionProperties) = preSolution
		HideSolutionNode = FALSE
	EndGlobalSection
	GlobalSection(ExtensibilityGlobals) = postSolution
		SolutionGuid = {024B06FD-2861-481F-83AF-78427B3835B6}
	EndGlobalSection
EndGlobal
